
Microsoft Visual Studio Solution File, Format Version 9.00
# Visual Studio 2005
Project("{2150E333-8FDC-42A3-9474-1A3956D46DE8}") = "SHO_LS", "SHO_LS", "{856EB6A5-8CFB-4434-8A98-A684940976F6}"
EndProject
Project("{2150E333-8FDC-42A3-9474-1A3956D46DE8}") = "SHO_WS", "SHO_WS", "{975E3290-5427-4411-8687-86A76B09003F}"
EndProject
Project("{2150E333-8FDC-42A3-9474-1A3956D46DE8}") = "SHO_GS", "SHO_GS", "{EA54C17E-D87C-4FE9-B148-A6F1825131F7}"
EndProject
Project("{2150E333-8FDC-42A3-9474-1A3956D46DE8}") = "LIBS", "LIBS", "{50CBC7F8-EE7A-43C8-873F-EF210043A26C}"
EndProject
Project("{2150E333-8FDC-42A3-9474-1A3956D46DE8}") = "LIB", "LIB", "{DD7433FA-33A0-438D-AA1E-D32BF5A2D00C}"
EndProject
Project("{2150E333-8FDC-42A3-9474-1A3956D46DE8}") = "DLL", "DLL", "{1EEC6832-CFD3-46B0-A4E4-9C66AE4CD75A}"
EndProject
Project("{8BC9CEB8-8B4A-11D0-8D11-00A0C91BC942}") = "SHO_LS_LIB", "Server\Login\SHO_LS_LIB\SHO_LS_LIB.vcproj", "{EAA486DA-52FA-430E-A24F-4B759BB62E8A}"
	ProjectSection(ProjectDependencies) = postProject
		{B4DDE42E-8878-441E-87AE-62B2F0E5A9CF} = {B4DDE42E-8878-441E-87AE-62B2F0E5A9CF}
	EndProjectSection
EndProject
Project("{8BC9CEB8-8B4A-11D0-8D11-00A0C91BC942}") = "SHO_LS_DLL", "Server\Login\SHO_LS_DLL\SHO_LS_DLL.vcproj", "{F09B4844-4191-4235-8220-EDFDF56E1FBA}"
	ProjectSection(ProjectDependencies) = postProject
		{07F4D39F-4AAF-4848-BEC1-F0FB9A7A69B3} = {07F4D39F-4AAF-4848-BEC1-F0FB9A7A69B3}
		{EAA486DA-52FA-430E-A24F-4B759BB62E8A} = {EAA486DA-52FA-430E-A24F-4B759BB62E8A}
	EndProjectSection
EndProject
Project("{2150E333-8FDC-42A3-9474-1A3956D46DE8}") = "DLL", "DLL", "{C7F722FC-0758-4185-87DC-9E1F31404162}"
EndProject
Project("{2150E333-8FDC-42A3-9474-1A3956D46DE8}") = "LIB", "LIB", "{04EE372F-7EBC-4AE5-BF70-D0A20B7D9E32}"
EndProject
Project("{8BC9CEB8-8B4A-11D0-8D11-00A0C91BC942}") = "SHO_GS_DLL", "Server\Game\SHO_GS_DLL\SHO_GS_DLL.vcproj", "{48E6A734-BEC4-4317-9102-67A9A3C030E9}"
	ProjectSection(ProjectDependencies) = postProject
		{07F4D39F-4AAF-4848-BEC1-F0FB9A7A69B3} = {07F4D39F-4AAF-4848-BEC1-F0FB9A7A69B3}
		{782AF9C9-40B2-4844-BE58-D73710823F16} = {782AF9C9-40B2-4844-BE58-D73710823F16}
	EndProjectSection
EndProject
Project("{8BC9CEB8-8B4A-11D0-8D11-00A0C91BC942}") = "SHO_GS_LIB", "Server\Game\SHO_GS_LIB\SHO_GS_LIB.vcproj", "{782AF9C9-40B2-4844-BE58-D73710823F16}"
	ProjectSection(ProjectDependencies) = postProject
		{B4DDE42E-8878-441E-87AE-62B2F0E5A9CF} = {B4DDE42E-8878-441E-87AE-62B2F0E5A9CF}
	EndProjectSection
EndProject
Project("{2150E333-8FDC-42A3-9474-1A3956D46DE8}") = "LIB", "LIB", "{1C5B9F53-0DF3-48B4-9981-F6B295AA4251}"
EndProject
Project("{2150E333-8FDC-42A3-9474-1A3956D46DE8}") = "DLL", "DLL", "{1F8D3002-7FA9-469B-A4D1-8E5F3ECDB63B}"
EndProject
Project("{8BC9CEB8-8B4A-11D0-8D11-00A0C91BC942}") = "SHO_WS_DLL", "Server\World\SHO_WS_DLL\SHO_WS_DLL.vcproj", "{59368FFB-7EDD-46E7-BD58-19EC6415BB1D}"
	ProjectSection(ProjectDependencies) = postProject
		{07F4D39F-4AAF-4848-BEC1-F0FB9A7A69B3} = {07F4D39F-4AAF-4848-BEC1-F0FB9A7A69B3}
		{A4BD70F5-CE47-4747-8723-72C37983D063} = {A4BD70F5-CE47-4747-8723-72C37983D063}
	EndProjectSection
EndProject
Project("{8BC9CEB8-8B4A-11D0-8D11-00A0C91BC942}") = "SHO_WS_LIB", "Server\World\Sho_ws_lib\SHO_WS_LIB.vcproj", "{A4BD70F5-CE47-4747-8723-72C37983D063}"
	ProjectSection(ProjectDependencies) = postProject
		{B4DDE42E-8878-441E-87AE-62B2F0E5A9CF} = {B4DDE42E-8878-441E-87AE-62B2F0E5A9CF}
	EndProjectSection
EndProject
Project("{8BC9CEB8-8B4A-11D0-8D11-00A0C91BC942}") = "LIB_UTIL", "Server\Util\LIB_Util.vcproj", "{B4DDE42E-8878-441E-87AE-62B2F0E5A9CF}"
EndProject
Project("{8BC9CEB8-8B4A-11D0-8D11-00A0C91BC942}") = "LIB_Server", "Server\ServerLib\LIB_Server.vcproj", "{07F4D39F-4AAF-4848-BEC1-F0FB9A7A69B3}"
EndProject
Global
	GlobalSection(SolutionConfigurationPlatforms) = preSolution
		Debug|Win32 = Debug|Win32
		Debug-Server|Win32 = Debug-Server|Win32
		Release|Win32 = Release|Win32
		Release-Server|Win32 = Release-Server|Win32
	EndGlobalSection
	GlobalSection(ProjectConfigurationPlatforms) = postSolution
		{EAA486DA-52FA-430E-A24F-4B759BB62E8A}.Debug|Win32.ActiveCfg = Debug|Win32
		{EAA486DA-52FA-430E-A24F-4B759BB62E8A}.Debug|Win32.Build.0 = Debug|Win32
		{EAA486DA-52FA-430E-A24F-4B759BB62E8A}.Debug-Server|Win32.ActiveCfg = Debug|Win32
		{EAA486DA-52FA-430E-A24F-4B759BB62E8A}.Debug-Server|Win32.Build.0 = Debug|Win32
		{EAA486DA-52FA-430E-A24F-4B759BB62E8A}.Release|Win32.ActiveCfg = Release|Win32
		{EAA486DA-52FA-430E-A24F-4B759BB62E8A}.Release|Win32.Build.0 = Release|Win32
		{EAA486DA-52FA-430E-A24F-4B759BB62E8A}.Release-Server|Win32.ActiveCfg = Release|Win32
		{EAA486DA-52FA-430E-A24F-4B759BB62E8A}.Release-Server|Win32.Build.0 = Release|Win32
		{F09B4844-4191-4235-8220-EDFDF56E1FBA}.Debug|Win32.ActiveCfg = Debug|Win32
		{F09B4844-4191-4235-8220-EDFDF56E1FBA}.Debug|Win32.Build.0 = Debug|Win32
		{F09B4844-4191-4235-8220-EDFDF56E1FBA}.Debug-Server|Win32.ActiveCfg = Debug|Win32
		{F09B4844-4191-4235-8220-EDFDF56E1FBA}.Debug-Server|Win32.Build.0 = Debug|Win32
		{F09B4844-4191-4235-8220-EDFDF56E1FBA}.Release|Win32.ActiveCfg = Release|Win32
		{F09B4844-4191-4235-8220-EDFDF56E1FBA}.Release|Win32.Build.0 = Release|Win32
		{F09B4844-4191-4235-8220-EDFDF56E1FBA}.Release-Server|Win32.ActiveCfg = Release|Win32
		{F09B4844-4191-4235-8220-EDFDF56E1FBA}.Release-Server|Win32.Build.0 = Release|Win32
		{48E6A734-BEC4-4317-9102-67A9A3C030E9}.Debug|Win32.ActiveCfg = Debug|Win32
		{48E6A734-BEC4-4317-9102-67A9A3C030E9}.Debug|Win32.Build.0 = Debug|Win32
		{48E6A734-BEC4-4317-9102-67A9A3C030E9}.Debug-Server|Win32.ActiveCfg = Debug|Win32
		{48E6A734-BEC4-4317-9102-67A9A3C030E9}.Debug-Server|Win32.Build.0 = Debug|Win32
		{48E6A734-BEC4-4317-9102-67A9A3C030E9}.Release|Win32.ActiveCfg = Release|Win32
		{48E6A734-BEC4-4317-9102-67A9A3C030E9}.Release|Win32.Build.0 = Release|Win32
		{48E6A734-BEC4-4317-9102-67A9A3C030E9}.Release-Server|Win32.ActiveCfg = Release|Win32
		{48E6A734-BEC4-4317-9102-67A9A3C030E9}.Release-Server|Win32.Build.0 = Release|Win32
		{782AF9C9-40B2-4844-BE58-D73710823F16}.Debug|Win32.ActiveCfg = Debug|Win32
		{782AF9C9-40B2-4844-BE58-D73710823F16}.Debug|Win32.Build.0 = Debug|Win32
		{782AF9C9-40B2-4844-BE58-D73710823F16}.Debug-Server|Win32.ActiveCfg = Debug|Win32
		{782AF9C9-40B2-4844-BE58-D73710823F16}.Debug-Server|Win32.Build.0 = Debug|Win32
		{782AF9C9-40B2-4844-BE58-D73710823F16}.Release|Win32.ActiveCfg = Release|Win32
		{782AF9C9-40B2-4844-BE58-D73710823F16}.Release|Win32.Build.0 = Release|Win32
		{782AF9C9-40B2-4844-BE58-D73710823F16}.Release-Server|Win32.ActiveCfg = Release|Win32
		{782AF9C9-40B2-4844-BE58-D73710823F16}.Release-Server|Win32.Build.0 = Release|Win32
		{59368FFB-7EDD-46E7-BD58-19EC6415BB1D}.Debug|Win32.ActiveCfg = Debug|Win32
		{59368FFB-7EDD-46E7-BD58-19EC6415BB1D}.Debug|Win32.Build.0 = Debug|Win32
		{59368FFB-7EDD-46E7-BD58-19EC6415BB1D}.Debug-Server|Win32.ActiveCfg = Debug|Win32
		{59368FFB-7EDD-46E7-BD58-19EC6415BB1D}.Debug-Server|Win32.Build.0 = Debug|Win32
		{59368FFB-7EDD-46E7-BD58-19EC6415BB1D}.Release|Win32.ActiveCfg = Release|Win32
		{59368FFB-7EDD-46E7-BD58-19EC6415BB1D}.Release|Win32.Build.0 = Release|Win32
		{59368FFB-7EDD-46E7-BD58-19EC6415BB1D}.Release-Server|Win32.ActiveCfg = Release|Win32
		{59368FFB-7EDD-46E7-BD58-19EC6415BB1D}.Release-Server|Win32.Build.0 = Release|Win32
		{A4BD70F5-CE47-4747-8723-72C37983D063}.Debug|Win32.ActiveCfg = Debug|Win32
		{A4BD70F5-CE47-4747-8723-72C37983D063}.Debug|Win32.Build.0 = Debug|Win32
		{A4BD70F5-CE47-4747-8723-72C37983D063}.Debug-Server|Win32.ActiveCfg = Debug|Win32
		{A4BD70F5-CE47-4747-8723-72C37983D063}.Debug-Server|Win32.Build.0 = Debug|Win32
		{A4BD70F5-CE47-4747-8723-72C37983D063}.Release|Win32.ActiveCfg = Release|Win32
		{A4BD70F5-CE47-4747-8723-72C37983D063}.Release|Win32.Build.0 = Release|Win32
		{A4BD70F5-CE47-4747-8723-72C37983D063}.Release-Server|Win32.ActiveCfg = Release|Win32
		{A4BD70F5-CE47-4747-8723-72C37983D063}.Release-Server|Win32.Build.0 = Release|Win32
		{B4DDE42E-8878-441E-87AE-62B2F0E5A9CF}.Debug|Win32.ActiveCfg = Debug-Server|Win32
		{B4DDE42E-8878-441E-87AE-62B2F0E5A9CF}.Debug|Win32.Build.0 = Debug-Server|Win32
		{B4DDE42E-8878-441E-87AE-62B2F0E5A9CF}.Debug-Server|Win32.ActiveCfg = Debug-Server|Win32
		{B4DDE42E-8878-441E-87AE-62B2F0E5A9CF}.Debug-Server|Win32.Build.0 = Debug-Server|Win32
		{B4DDE42E-8878-441E-87AE-62B2F0E5A9CF}.Release|Win32.ActiveCfg = Release|Win32
		{B4DDE42E-8878-441E-87AE-62B2F0E5A9CF}.Release|Win32.Build.0 = Release|Win32
		{B4DDE42E-8878-441E-87AE-62B2F0E5A9CF}.Release-Server|Win32.ActiveCfg = Release-Server|Win32
		{B4DDE42E-8878-441E-87AE-62B2F0E5A9CF}.Release-Server|Win32.Build.0 = Release-Server|Win32
		{07F4D39F-4AAF-4848-BEC1-F0FB9A7A69B3}.Debug|Win32.ActiveCfg = Debug|Win32
		{07F4D39F-4AAF-4848-BEC1-F0FB9A7A69B3}.Debug|Win32.Build.0 = Debug|Win32
		{07F4D39F-4AAF-4848-BEC1-F0FB9A7A69B3}.Debug-Server|Win32.ActiveCfg = Debug|Win32
		{07F4D39F-4AAF-4848-BEC1-F0FB9A7A69B3}.Debug-Server|Win32.Build.0 = Debug|Win32
		{07F4D39F-4AAF-4848-BEC1-F0FB9A7A69B3}.Release|Win32.ActiveCfg = Release|Win32
		{07F4D39F-4AAF-4848-BEC1-F0FB9A7A69B3}.Release|Win32.Build.0 = Release|Win32
		{07F4D39F-4AAF-4848-BEC1-F0FB9A7A69B3}.Release-Server|Win32.ActiveCfg = Release|Win32
		{07F4D39F-4AAF-4848-BEC1-F0FB9A7A69B3}.Release-Server|Win32.Build.0 = Release|Win32
	EndGlobalSection
	GlobalSection(SolutionProperties) = preSolution
		HideSolutionNode = FALSE
	EndGlobalSection
	GlobalSection(NestedProjects) = preSolution
		{DD7433FA-33A0-438D-AA1E-D32BF5A2D00C} = {856EB6A5-8CFB-4434-8A98-A684940976F6}
		{1EEC6832-CFD3-46B0-A4E4-9C66AE4CD75A} = {856EB6A5-8CFB-4434-8A98-A684940976F6}
		{1C5B9F53-0DF3-48B4-9981-F6B295AA4251} = {975E3290-5427-4411-8687-86A76B09003F}
		{1F8D3002-7FA9-469B-A4D1-8E5F3ECDB63B} = {975E3290-5427-4411-8687-86A76B09003F}
		{C7F722FC-0758-4185-87DC-9E1F31404162} = {EA54C17E-D87C-4FE9-B148-A6F1825131F7}
		{04EE372F-7EBC-4AE5-BF70-D0A20B7D9E32} = {EA54C17E-D87C-4FE9-B148-A6F1825131F7}
		{B4DDE42E-8878-441E-87AE-62B2F0E5A9CF} = {50CBC7F8-EE7A-43C8-873F-EF210043A26C}
		{07F4D39F-4AAF-4848-BEC1-F0FB9A7A69B3} = {50CBC7F8-EE7A-43C8-873F-EF210043A26C}
		{EAA486DA-52FA-430E-A24F-4B759BB62E8A} = {DD7433FA-33A0-438D-AA1E-D32BF5A2D00C}
		{F09B4844-4191-4235-8220-EDFDF56E1FBA} = {1EEC6832-CFD3-46B0-A4E4-9C66AE4CD75A}
		{48E6A734-BEC4-4317-9102-67A9A3C030E9} = {C7F722FC-0758-4185-87DC-9E1F31404162}
		{782AF9C9-40B2-4844-BE58-D73710823F16} = {04EE372F-7EBC-4AE5-BF70-D0A20B7D9E32}
		{A4BD70F5-CE47-4747-8723-72C37983D063} = {1C5B9F53-0DF3-48B4-9981-F6B295AA4251}
		{59368FFB-7EDD-46E7-BD58-19EC6415BB1D} = {1F8D3002-7FA9-469B-A4D1-8E5F3ECDB63B}
	EndGlobalSection
EndGlobal
