
Microsoft Visual Studio Solution File, Format Version 8.00
# Visual Studio 2008
Project("{8BC9CEB8-8B4A-11D0-8D11-00A0C91BC942}") = "LIB_UTIL", "Util\LIB_Util.vcproj", "{B4DDE42E-8878-441E-87AE-62B2F0E5A9CF}"
EndProject
Project("{8BC9CEB8-8B4A-11D0-8D11-00A0C91BC942}") = "LIB_Server", "ServerLib\LIB_Server.vcproj", "{07F4D39F-4AAF-4848-BEC1-F0FB9A7A69B3}"
	ProjectSection(ProjectDependencies) = postProject
		{B4DDE42E-8878-441E-87AE-62B2F0E5A9CF} = {B4DDE42E-8878-441E-87AE-62B2F0E5A9CF}
	EndProjectSection
EndProject
Project("{8BC9CEB8-8B4A-11D0-8D11-00A0C91BC942}") = "SHO_LS_LIB", "Login\SHO_LS_LIB\SHO_LS_LIB.vcproj", "{EAA486DA-52FA-430E-A24F-4B759BB62E8A}"
	ProjectSection(ProjectDependencies) = postProject
		{B4DDE42E-8878-441E-87AE-62B2F0E5A9CF} = {B4DDE42E-8878-441E-87AE-62B2F0E5A9CF}
		{07F4D39F-4AAF-4848-BEC1-F0FB9A7A69B3} = {07F4D39F-4AAF-4848-BEC1-F0FB9A7A69B3}
	EndProjectSection
EndProject
Project("{8BC9CEB8-8B4A-11D0-8D11-00A0C91BC942}") = "SHO_LS_DLL", "Login\SHO_LS_DLL\SHO_LS_DLL.vcproj", "{F09B4844-4191-4235-8220-EDFDF56E1FBA}"
	ProjectSection(ProjectDependencies) = postProject
		{B4DDE42E-8878-441E-87AE-62B2F0E5A9CF} = {B4DDE42E-8878-441E-87AE-62B2F0E5A9CF}
		{8946328A-E492-4C58-B846-FB1BD51851D2} = {8946328A-E492-4C58-B846-FB1BD51851D2}
		{2300C093-8C78-4AC6-9CDD-307F1F461340} = {2300C093-8C78-4AC6-9CDD-307F1F461340}
		{D8DDA67F-3EF5-4783-B7B6-6FB6DE74BB95} = {D8DDA67F-3EF5-4783-B7B6-6FB6DE74BB95}
		{07F4D39F-4AAF-4848-BEC1-F0FB9A7A69B3} = {07F4D39F-4AAF-4848-BEC1-F0FB9A7A69B3}
		{EAA486DA-52FA-430E-A24F-4B759BB62E8A} = {EAA486DA-52FA-430E-A24F-4B759BB62E8A}
	EndProjectSection
EndProject
Project("{8BC9CEB8-8B4A-11D0-8D11-00A0C91BC942}") = "SHO_WS_LIB", "World\Sho_ws_lib\SHO_WS_LIB.vcproj", "{A4BD70F5-CE47-4747-8723-72C37983D063}"
	ProjectSection(ProjectDependencies) = postProject
		{B4DDE42E-8878-441E-87AE-62B2F0E5A9CF} = {B4DDE42E-8878-441E-87AE-62B2F0E5A9CF}
		{07F4D39F-4AAF-4848-BEC1-F0FB9A7A69B3} = {07F4D39F-4AAF-4848-BEC1-F0FB9A7A69B3}
	EndProjectSection
EndProject
Project("{8BC9CEB8-8B4A-11D0-8D11-00A0C91BC942}") = "SHO_WS_DLL", "World\SHO_WS_DLL\SHO_WS_DLL.vcproj", "{59368FFB-7EDD-46E7-BD58-19EC6415BB1D}"
	ProjectSection(ProjectDependencies) = postProject
		{B4DDE42E-8878-441E-87AE-62B2F0E5A9CF} = {B4DDE42E-8878-441E-87AE-62B2F0E5A9CF}
		{07F4D39F-4AAF-4848-BEC1-F0FB9A7A69B3} = {07F4D39F-4AAF-4848-BEC1-F0FB9A7A69B3}
		{A4BD70F5-CE47-4747-8723-72C37983D063} = {A4BD70F5-CE47-4747-8723-72C37983D063}
	EndProjectSection
EndProject
Project("{8BC9CEB8-8B4A-11D0-8D11-00A0C91BC942}") = "SHO_GS_DLL", "Game\SHO_GS_DLL\SHO_GS_DLL.vcproj", "{48E6A734-BEC4-4317-9102-67A9A3C030E9}"
	ProjectSection(ProjectDependencies) = postProject
		{782AF9C9-40B2-4844-BE58-D73710823F16} = {782AF9C9-40B2-4844-BE58-D73710823F16}
		{07F4D39F-4AAF-4848-BEC1-F0FB9A7A69B3} = {07F4D39F-4AAF-4848-BEC1-F0FB9A7A69B3}
		{D8DDA67F-3EF5-4783-B7B6-6FB6DE74BB95} = {D8DDA67F-3EF5-4783-B7B6-6FB6DE74BB95}
		{2300C093-8C78-4AC6-9CDD-307F1F461340} = {2300C093-8C78-4AC6-9CDD-307F1F461340}
		{8946328A-E492-4C58-B846-FB1BD51851D2} = {8946328A-E492-4C58-B846-FB1BD51851D2}
		{B4DDE42E-8878-441E-87AE-62B2F0E5A9CF} = {B4DDE42E-8878-441E-87AE-62B2F0E5A9CF}
	EndProjectSection
EndProject
Project("{8BC9CEB8-8B4A-11D0-8D11-00A0C91BC942}") = "SHO_GS_LIB", "Game\SHO_GS_LIB\SHO_GS_LIB.vcproj", "{782AF9C9-40B2-4844-BE58-D73710823F16}"
	ProjectSection(ProjectDependencies) = postProject
		{B4DDE42E-8878-441E-87AE-62B2F0E5A9CF} = {B4DDE42E-8878-441E-87AE-62B2F0E5A9CF}
		{07F4D39F-4AAF-4848-BEC1-F0FB9A7A69B3} = {07F4D39F-4AAF-4848-BEC1-F0FB9A7A69B3}
	EndProjectSection
EndProject
Project("{8BC9CEB8-8B4A-11D0-8D11-00A0C91BC942}") = "F_Thread", "..\TOOLS\f_lib\F_Thread\F_Thread.vcproj", "{2300C093-8C78-4AC6-9CDD-307F1F461340}"
EndProject
Project("{8BC9CEB8-8B4A-11D0-8D11-00A0C91BC942}") = "F_Buffer", "..\TOOLS\f_lib\F_Buffer\F_Buffer.vcproj", "{D8DDA67F-3EF5-4783-B7B6-6FB6DE74BB95}"
EndProject
Project("{8BC9CEB8-8B4A-11D0-8D11-00A0C91BC942}") = "KDB_SQL", "..\TOOLS\f_lib\KDB_SQL\KDB_SQL.vcproj", "{8946328A-E492-4C58-B846-FB1BD51851D2}"
EndProject
Project("{8BC9CEB8-8B4A-11D0-8D11-00A0C91BC942}") = "Sizes", "Sizes\Sizes.vcproj", "{FDF1DA82-EDBE-47A8-B87D-141AA36419BF}"
	ProjectSection(ProjectDependencies) = postProject
		{A4BD70F5-CE47-4747-8723-72C37983D063} = {A4BD70F5-CE47-4747-8723-72C37983D063}
	EndProjectSection
EndProject
Global
	GlobalSection(SolutionConfigurationPlatforms) = preSolution
		Debug|Win32 = Debug|Win32
		Release|Win32 = Release|Win32
	EndGlobalSection
	GlobalSection(ProjectConfigurationPlatforms) = postSolution
		{B4DDE42E-8878-441E-87AE-62B2F0E5A9CF}.Debug|Win32.ActiveCfg = Debug|Win32
		{B4DDE42E-8878-441E-87AE-62B2F0E5A9CF}.Debug|Win32.Build.0 = Debug|Win32
		{B4DDE42E-8878-441E-87AE-62B2F0E5A9CF}.Release|Win32.ActiveCfg = Release-Server|Win32
		{B4DDE42E-8878-441E-87AE-62B2F0E5A9CF}.Release|Win32.Build.0 = Release-Server|Win32
		{07F4D39F-4AAF-4848-BEC1-F0FB9A7A69B3}.Debug|Win32.ActiveCfg = Debug|Win32
		{07F4D39F-4AAF-4848-BEC1-F0FB9A7A69B3}.Debug|Win32.Build.0 = Debug|Win32
		{07F4D39F-4AAF-4848-BEC1-F0FB9A7A69B3}.Release|Win32.ActiveCfg = Release|Win32
		{07F4D39F-4AAF-4848-BEC1-F0FB9A7A69B3}.Release|Win32.Build.0 = Release|Win32
		{EAA486DA-52FA-430E-A24F-4B759BB62E8A}.Debug|Win32.ActiveCfg = Debug|Win32
		{EAA486DA-52FA-430E-A24F-4B759BB62E8A}.Debug|Win32.Build.0 = Debug|Win32
		{EAA486DA-52FA-430E-A24F-4B759BB62E8A}.Release|Win32.ActiveCfg = Release|Win32
		{EAA486DA-52FA-430E-A24F-4B759BB62E8A}.Release|Win32.Build.0 = Release|Win32
		{F09B4844-4191-4235-8220-EDFDF56E1FBA}.Debug|Win32.ActiveCfg = Debug|Win32
		{F09B4844-4191-4235-8220-EDFDF56E1FBA}.Debug|Win32.Build.0 = Debug|Win32
		{F09B4844-4191-4235-8220-EDFDF56E1FBA}.Release|Win32.ActiveCfg = Release|Win32
		{F09B4844-4191-4235-8220-EDFDF56E1FBA}.Release|Win32.Build.0 = Release|Win32
		{A4BD70F5-CE47-4747-8723-72C37983D063}.Debug|Win32.ActiveCfg = Debug|Win32
		{A4BD70F5-CE47-4747-8723-72C37983D063}.Debug|Win32.Build.0 = Debug|Win32
		{A4BD70F5-CE47-4747-8723-72C37983D063}.Release|Win32.ActiveCfg = Release|Win32
		{A4BD70F5-CE47-4747-8723-72C37983D063}.Release|Win32.Build.0 = Release|Win32
		{59368FFB-7EDD-46E7-BD58-19EC6415BB1D}.Debug|Win32.ActiveCfg = Debug|Win32
		{59368FFB-7EDD-46E7-BD58-19EC6415BB1D}.Debug|Win32.Build.0 = Debug|Win32
		{59368FFB-7EDD-46E7-BD58-19EC6415BB1D}.Release|Win32.ActiveCfg = Release|Win32
		{59368FFB-7EDD-46E7-BD58-19EC6415BB1D}.Release|Win32.Build.0 = Release|Win32
		{48E6A734-BEC4-4317-9102-67A9A3C030E9}.Debug|Win32.ActiveCfg = Debug|Win32
		{48E6A734-BEC4-4317-9102-67A9A3C030E9}.Debug|Win32.Build.0 = Debug|Win32
		{48E6A734-BEC4-4317-9102-67A9A3C030E9}.Release|Win32.ActiveCfg = Release|Win32
		{48E6A734-BEC4-4317-9102-67A9A3C030E9}.Release|Win32.Build.0 = Release|Win32
		{782AF9C9-40B2-4844-BE58-D73710823F16}.Debug|Win32.ActiveCfg = Debug|Win32
		{782AF9C9-40B2-4844-BE58-D73710823F16}.Debug|Win32.Build.0 = Debug|Win32
		{782AF9C9-40B2-4844-BE58-D73710823F16}.Release|Win32.ActiveCfg = Release|Win32
		{782AF9C9-40B2-4844-BE58-D73710823F16}.Release|Win32.Build.0 = Release|Win32
		{2300C093-8C78-4AC6-9CDD-307F1F461340}.Debug|Win32.ActiveCfg = Debug|Win32
		{2300C093-8C78-4AC6-9CDD-307F1F461340}.Debug|Win32.Build.0 = Debug|Win32
		{2300C093-8C78-4AC6-9CDD-307F1F461340}.Release|Win32.ActiveCfg = Release|Win32
		{2300C093-8C78-4AC6-9CDD-307F1F461340}.Release|Win32.Build.0 = Release|Win32
		{D8DDA67F-3EF5-4783-B7B6-6FB6DE74BB95}.Debug|Win32.ActiveCfg = Debug|Win32
		{D8DDA67F-3EF5-4783-B7B6-6FB6DE74BB95}.Debug|Win32.Build.0 = Debug|Win32
		{D8DDA67F-3EF5-4783-B7B6-6FB6DE74BB95}.Release|Win32.ActiveCfg = Release|Win32
		{D8DDA67F-3EF5-4783-B7B6-6FB6DE74BB95}.Release|Win32.Build.0 = Release|Win32
		{8946328A-E492-4C58-B846-FB1BD51851D2}.Debug|Win32.ActiveCfg = Debug|Win32
		{8946328A-E492-4C58-B846-FB1BD51851D2}.Debug|Win32.Build.0 = Debug|Win32
		{8946328A-E492-4C58-B846-FB1BD51851D2}.Release|Win32.ActiveCfg = Release|Win32
		{8946328A-E492-4C58-B846-FB1BD51851D2}.Release|Win32.Build.0 = Release|Win32
		{FDF1DA82-EDBE-47A8-B87D-141AA36419BF}.Debug|Win32.ActiveCfg = Debug|Win32
		{FDF1DA82-EDBE-47A8-B87D-141AA36419BF}.Debug|Win32.Build.0 = Debug|Win32
		{FDF1DA82-EDBE-47A8-B87D-141AA36419BF}.Release|Win32.ActiveCfg = Release|Win32
		{FDF1DA82-EDBE-47A8-B87D-141AA36419BF}.Release|Win32.Build.0 = Release|Win32
	EndGlobalSection
	GlobalSection(SolutionProperties) = preSolution
		HideSolutionNode = FALSE
	EndGlobalSection
EndGlobal
