Microsoft Visual Studio Solution File, Format Version 10.00
# Visual Studio 2008
Project("{8BC9CEB8-8B4A-11D0-8D11-00A0C91BC942}") = "Client", "Client.vcproj", "{98F25AF9-BDDD-462D-9514-9A18FE2E2692}"
EndProject
Global
	GlobalSection(SolutionConfigurationPlatforms) = preSolution
		ZZ_Debug|Win32 = ZZ_Debug|Win32
		ZZ_Release|Win32 = ZZ_Release|Win32
	EndGlobalSection
	GlobalSection(ProjectConfigurationPlatforms) = postSolution
		{98F25AF9-BDDD-462D-9514-9A18FE2E2692}.ZZ_Debug|Win32.ActiveCfg = ZZ_Debug|Win32
		{98F25AF9-BDDD-462D-9514-9A18FE2E2692}.ZZ_Debug|Win32.Build.0 = ZZ_Debug|Win32
		{98F25AF9-BDDD-462D-9514-9A18FE2E2692}.ZZ_Release|Win32.ActiveCfg = ZZ_Release|Win32
		{98F25AF9-BDDD-462D-9514-9A18FE2E2692}.ZZ_Release|Win32.Build.0 = ZZ_Release|Win32
	EndGlobalSection
	GlobalSection(SolutionProperties) = preSolution
		HideSolutionNode = FALSE
	EndGlobalSection
EndGlobal
